
Microsoft Visual Studio Solution File, Format Version 12.00
# Visual Studio 15
VisualStudioVersion = 15.0.27004.2009
MinimumVisualStudioVersion = 10.0.40219.1
Project("{FAE04EC0-301F-11D3-BF4B-00C04F79EFBC}") = "08-SquarePositioning", "08-SquarePositioning\08-SquarePositioning.csproj", "{5CED4C5D-E4BC-4A63-82CC-7D384F9BB51F}"
EndProject
Global
	GlobalSection(SolutionConfigurationPlatforms) = preSolution
		Debug|Any CPU = Debug|Any CPU
		Release|Any CPU = Release|Any CPU
	EndGlobalSection
	GlobalSection(ProjectConfigurationPlatforms) = postSolution
		{5CED4C5D-E4BC-4A63-82CC-7D384F9BB51F}.Debug|Any CPU.ActiveCfg = Debug|Any CPU
		{5CED4C5D-E4BC-4A63-82CC-7D384F9BB51F}.Debug|Any CPU.Build.0 = Debug|Any CPU
		{5CED4C5D-E4BC-4A63-82CC-7D384F9BB51F}.Release|Any CPU.ActiveCfg = Release|Any CPU
		{5CED4C5D-E4BC-4A63-82CC-7D384F9BB51F}.Release|Any CPU.Build.0 = Release|Any CPU
	EndGlobalSection
	GlobalSection(SolutionProperties) = preSolution
		HideSolutionNode = FALSE
	EndGlobalSection
	GlobalSection(ExtensibilityGlobals) = postSolution
		SolutionGuid = {BB4E21C8-0A52-4B4C-8F97-02515118C0FA}
	EndGlobalSection
EndGlobal
