
Microsoft Visual Studio Solution File, Format Version 12.00
# Visual Studio 15
VisualStudioVersion = 15.0.27004.2009
MinimumVisualStudioVersion = 10.0.40219.1
Project("{FAE04EC0-301F-11D3-BF4B-00C04F79EFBC}") = "d3-06.Lists", "d3-06.Lists\d3-06.Lists.csproj", "{15035A4B-6F1F-46F8-B493-32E32A3BE310}"
EndProject
Global
	GlobalSection(SolutionConfigurationPlatforms) = preSolution
		Debug|Any CPU = Debug|Any CPU
		Release|Any CPU = Release|Any CPU
	EndGlobalSection
	GlobalSection(ProjectConfigurationPlatforms) = postSolution
		{15035A4B-6F1F-46F8-B493-32E32A3BE310}.Debug|Any CPU.ActiveCfg = Debug|Any CPU
		{15035A4B-6F1F-46F8-B493-32E32A3BE310}.Debug|Any CPU.Build.0 = Debug|Any CPU
		{15035A4B-6F1F-46F8-B493-32E32A3BE310}.Release|Any CPU.ActiveCfg = Release|Any CPU
		{15035A4B-6F1F-46F8-B493-32E32A3BE310}.Release|Any CPU.Build.0 = Release|Any CPU
	EndGlobalSection
	GlobalSection(SolutionProperties) = preSolution
		HideSolutionNode = FALSE
	EndGlobalSection
	GlobalSection(ExtensibilityGlobals) = postSolution
		SolutionGuid = {B5A88EF2-D307-4947-9DF5-D1CE9BED6EE8}
	EndGlobalSection
EndGlobal
