
Microsoft Visual Studio Solution File, Format Version 12.00
# Visual Studio 15
VisualStudioVersion = 15.0.27004.2009
MinimumVisualStudioVersion = 10.0.40219.1
Project("{FAE04EC0-301F-11D3-BF4B-00C04F79EFBC}") = "Anagram", "Anagram\Anagram.csproj", "{2E726483-95F5-4E5A-B36D-CFD46E8ADBEE}"
EndProject
Project("{FAE04EC0-301F-11D3-BF4B-00C04F79EFBC}") = "AnagramTest", "AnagramTest\AnagramTest.csproj", "{46A76789-51C2-4401-9869-8DE592CA630F}"
EndProject
Global
	GlobalSection(SolutionConfigurationPlatforms) = preSolution
		Debug|Any CPU = Debug|Any CPU
		Release|Any CPU = Release|Any CPU
	EndGlobalSection
	GlobalSection(ProjectConfigurationPlatforms) = postSolution
		{2E726483-95F5-4E5A-B36D-CFD46E8ADBEE}.Debug|Any CPU.ActiveCfg = Debug|Any CPU
		{2E726483-95F5-4E5A-B36D-CFD46E8ADBEE}.Debug|Any CPU.Build.0 = Debug|Any CPU
		{2E726483-95F5-4E5A-B36D-CFD46E8ADBEE}.Release|Any CPU.ActiveCfg = Release|Any CPU
		{2E726483-95F5-4E5A-B36D-CFD46E8ADBEE}.Release|Any CPU.Build.0 = Release|Any CPU
		{46A76789-51C2-4401-9869-8DE592CA630F}.Debug|Any CPU.ActiveCfg = Debug|Any CPU
		{46A76789-51C2-4401-9869-8DE592CA630F}.Debug|Any CPU.Build.0 = Debug|Any CPU
		{46A76789-51C2-4401-9869-8DE592CA630F}.Release|Any CPU.ActiveCfg = Release|Any CPU
		{46A76789-51C2-4401-9869-8DE592CA630F}.Release|Any CPU.Build.0 = Release|Any CPU
	EndGlobalSection
	GlobalSection(SolutionProperties) = preSolution
		HideSolutionNode = FALSE
	EndGlobalSection
	GlobalSection(ExtensibilityGlobals) = postSolution
		SolutionGuid = {DF0B07A3-1717-405D-BACA-F1D9D36C6CA9}
	EndGlobalSection
EndGlobal
