
Microsoft Visual Studio Solution File, Format Version 12.00
# Visual Studio 15
VisualStudioVersion = 15.0.27004.2009
MinimumVisualStudioVersion = 10.0.40219.1
Project("{FAE04EC0-301F-11D3-BF4B-00C04F79EFBC}") = "Dice", "Dice\Dice.csproj", "{C46D351A-7CDD-412A-86CA-4B908740F357}"
EndProject
Global
	GlobalSection(SolutionConfigurationPlatforms) = preSolution
		Debug|Any CPU = Debug|Any CPU
		Release|Any CPU = Release|Any CPU
	EndGlobalSection
	GlobalSection(ProjectConfigurationPlatforms) = postSolution
		{C46D351A-7CDD-412A-86CA-4B908740F357}.Debug|Any CPU.ActiveCfg = Debug|Any CPU
		{C46D351A-7CDD-412A-86CA-4B908740F357}.Debug|Any CPU.Build.0 = Debug|Any CPU
		{C46D351A-7CDD-412A-86CA-4B908740F357}.Release|Any CPU.ActiveCfg = Release|Any CPU
		{C46D351A-7CDD-412A-86CA-4B908740F357}.Release|Any CPU.Build.0 = Release|Any CPU
	EndGlobalSection
	GlobalSection(SolutionProperties) = preSolution
		HideSolutionNode = FALSE
	EndGlobalSection
	GlobalSection(ExtensibilityGlobals) = postSolution
		SolutionGuid = {B65B91EE-3A2E-43AE-BA98-D6FE8C1DAC50}
	EndGlobalSection
EndGlobal
