
Microsoft Visual Studio Solution File, Format Version 12.00
# Visual Studio 15
VisualStudioVersion = 15.0.27004.2009
MinimumVisualStudioVersion = 10.0.40219.1
Project("{FAE04EC0-301F-11D3-BF4B-00C04F79EFBC}") = "exercise04", "exercise04\exercise04.csproj", "{9E3ED455-2565-4A8B-A0D8-4DB0B0E4F10D}"
EndProject
Global
	GlobalSection(SolutionConfigurationPlatforms) = preSolution
		Debug|Any CPU = Debug|Any CPU
		Release|Any CPU = Release|Any CPU
	EndGlobalSection
	GlobalSection(ProjectConfigurationPlatforms) = postSolution
		{9E3ED455-2565-4A8B-A0D8-4DB0B0E4F10D}.Debug|Any CPU.ActiveCfg = Debug|Any CPU
		{9E3ED455-2565-4A8B-A0D8-4DB0B0E4F10D}.Debug|Any CPU.Build.0 = Debug|Any CPU
		{9E3ED455-2565-4A8B-A0D8-4DB0B0E4F10D}.Release|Any CPU.ActiveCfg = Release|Any CPU
		{9E3ED455-2565-4A8B-A0D8-4DB0B0E4F10D}.Release|Any CPU.Build.0 = Release|Any CPU
	EndGlobalSection
	GlobalSection(SolutionProperties) = preSolution
		HideSolutionNode = FALSE
	EndGlobalSection
	GlobalSection(ExtensibilityGlobals) = postSolution
		SolutionGuid = {6E5100F0-00ED-47FA-84A9-206BF36E26C5}
	EndGlobalSection
EndGlobal
