
Microsoft Visual Studio Solution File, Format Version 12.00
# Visual Studio 15
VisualStudioVersion = 15.0.27004.2009
MinimumVisualStudioVersion = 10.0.40219.1
Project("{FAE04EC0-301F-11D3-BF4B-00C04F79EFBC}") = "Animal", "Animal\Animal.csproj", "{C7A9A18C-1968-4312-A290-0FA97F4081EC}"
EndProject
Project("{FAE04EC0-301F-11D3-BF4B-00C04F79EFBC}") = "AnimalTest", "AnimalTest\AnimalTest.csproj", "{1D03D970-70B6-4498-BC34-7CC4A81C1C9D}"
EndProject
Global
	GlobalSection(SolutionConfigurationPlatforms) = preSolution
		Debug|Any CPU = Debug|Any CPU
		Release|Any CPU = Release|Any CPU
	EndGlobalSection
	GlobalSection(ProjectConfigurationPlatforms) = postSolution
		{C7A9A18C-1968-4312-A290-0FA97F4081EC}.Debug|Any CPU.ActiveCfg = Debug|Any CPU
		{C7A9A18C-1968-4312-A290-0FA97F4081EC}.Debug|Any CPU.Build.0 = Debug|Any CPU
		{C7A9A18C-1968-4312-A290-0FA97F4081EC}.Release|Any CPU.ActiveCfg = Release|Any CPU
		{C7A9A18C-1968-4312-A290-0FA97F4081EC}.Release|Any CPU.Build.0 = Release|Any CPU
		{1D03D970-70B6-4498-BC34-7CC4A81C1C9D}.Debug|Any CPU.ActiveCfg = Debug|Any CPU
		{1D03D970-70B6-4498-BC34-7CC4A81C1C9D}.Debug|Any CPU.Build.0 = Debug|Any CPU
		{1D03D970-70B6-4498-BC34-7CC4A81C1C9D}.Release|Any CPU.ActiveCfg = Release|Any CPU
		{1D03D970-70B6-4498-BC34-7CC4A81C1C9D}.Release|Any CPU.Build.0 = Release|Any CPU
	EndGlobalSection
	GlobalSection(SolutionProperties) = preSolution
		HideSolutionNode = FALSE
	EndGlobalSection
	GlobalSection(ExtensibilityGlobals) = postSolution
		SolutionGuid = {D9F734B5-E66F-49BE-8145-D6427CB4E31E}
	EndGlobalSection
EndGlobal
