
Microsoft Visual Studio Solution File, Format Version 12.00
# Visual Studio 15
VisualStudioVersion = 15.0.27004.2009
MinimumVisualStudioVersion = 10.0.40219.1
Project("{FAE04EC0-301F-11D3-BF4B-00C04F79EFBC}") = "01-Counter", "01-Counter\01-Counter.csproj", "{9FAA0D56-5F93-4B1E-AD61-DDF9BB562F30}"
EndProject
Global
	GlobalSection(SolutionConfigurationPlatforms) = preSolution
		Debug|Any CPU = Debug|Any CPU
		Release|Any CPU = Release|Any CPU
	EndGlobalSection
	GlobalSection(ProjectConfigurationPlatforms) = postSolution
		{9FAA0D56-5F93-4B1E-AD61-DDF9BB562F30}.Debug|Any CPU.ActiveCfg = Debug|Any CPU
		{9FAA0D56-5F93-4B1E-AD61-DDF9BB562F30}.Debug|Any CPU.Build.0 = Debug|Any CPU
		{9FAA0D56-5F93-4B1E-AD61-DDF9BB562F30}.Release|Any CPU.ActiveCfg = Release|Any CPU
		{9FAA0D56-5F93-4B1E-AD61-DDF9BB562F30}.Release|Any CPU.Build.0 = Release|Any CPU
	EndGlobalSection
	GlobalSection(SolutionProperties) = preSolution
		HideSolutionNode = FALSE
	EndGlobalSection
	GlobalSection(ExtensibilityGlobals) = postSolution
		SolutionGuid = {2DAC6E03-C4DF-4461-AFB0-263D3EC68715}
	EndGlobalSection
EndGlobal
