
Microsoft Visual Studio Solution File, Format Version 12.00
# Visual Studio 15
VisualStudioVersion = 15.0.27004.2009
MinimumVisualStudioVersion = 10.0.40219.1
Project("{FAE04EC0-301F-11D3-BF4B-00C04F79EFBC}") = "w4-d1-TeacherStudent", "w4-d1-TeacherStudent\w4-d1-TeacherStudent.csproj", "{2A992AC8-818D-4743-82B1-4A022522DC38}"
EndProject
Global
	GlobalSection(SolutionConfigurationPlatforms) = preSolution
		Debug|Any CPU = Debug|Any CPU
		Release|Any CPU = Release|Any CPU
	EndGlobalSection
	GlobalSection(ProjectConfigurationPlatforms) = postSolution
		{2A992AC8-818D-4743-82B1-4A022522DC38}.Debug|Any CPU.ActiveCfg = Debug|Any CPU
		{2A992AC8-818D-4743-82B1-4A022522DC38}.Debug|Any CPU.Build.0 = Debug|Any CPU
		{2A992AC8-818D-4743-82B1-4A022522DC38}.Release|Any CPU.ActiveCfg = Release|Any CPU
		{2A992AC8-818D-4743-82B1-4A022522DC38}.Release|Any CPU.Build.0 = Release|Any CPU
	EndGlobalSection
	GlobalSection(SolutionProperties) = preSolution
		HideSolutionNode = FALSE
	EndGlobalSection
	GlobalSection(ExtensibilityGlobals) = postSolution
		SolutionGuid = {5389CEDC-AAED-48F0-952A-E1560D26F1CA}
	EndGlobalSection
EndGlobal
