
Microsoft Visual Studio Solution File, Format Version 12.00
# Visual Studio 15
VisualStudioVersion = 15.0.27004.2009
MinimumVisualStudioVersion = 10.0.40219.1
Project("{FAE04EC0-301F-11D3-BF4B-00C04F79EFBC}") = "07-FillWithRectangles", "07-FillWithRectangles\07-FillWithRectangles.csproj", "{F1E1F734-92ED-4CF9-8728-E4A1C33E7D64}"
EndProject
Global
	GlobalSection(SolutionConfigurationPlatforms) = preSolution
		Debug|Any CPU = Debug|Any CPU
		Release|Any CPU = Release|Any CPU
	EndGlobalSection
	GlobalSection(ProjectConfigurationPlatforms) = postSolution
		{F1E1F734-92ED-4CF9-8728-E4A1C33E7D64}.Debug|Any CPU.ActiveCfg = Debug|Any CPU
		{F1E1F734-92ED-4CF9-8728-E4A1C33E7D64}.Debug|Any CPU.Build.0 = Debug|Any CPU
		{F1E1F734-92ED-4CF9-8728-E4A1C33E7D64}.Release|Any CPU.ActiveCfg = Release|Any CPU
		{F1E1F734-92ED-4CF9-8728-E4A1C33E7D64}.Release|Any CPU.Build.0 = Release|Any CPU
	EndGlobalSection
	GlobalSection(SolutionProperties) = preSolution
		HideSolutionNode = FALSE
	EndGlobalSection
	GlobalSection(ExtensibilityGlobals) = postSolution
		SolutionGuid = {338834E8-38D9-490A-A866-9947CCDD1F11}
	EndGlobalSection
EndGlobal
