
Microsoft Visual Studio Solution File, Format Version 12.00
# Visual Studio 15
VisualStudioVersion = 15.0.27004.2009
MinimumVisualStudioVersion = 10.0.40219.1
Project("{FAE04EC0-301F-11D3-BF4B-00C04F79EFBC}") = "Counter", "Counter\Counter.csproj", "{51578D2B-A8E5-4219-BA21-997EE9EB542C}"
EndProject
Global
	GlobalSection(SolutionConfigurationPlatforms) = preSolution
		Debug|Any CPU = Debug|Any CPU
		Release|Any CPU = Release|Any CPU
	EndGlobalSection
	GlobalSection(ProjectConfigurationPlatforms) = postSolution
		{51578D2B-A8E5-4219-BA21-997EE9EB542C}.Debug|Any CPU.ActiveCfg = Debug|Any CPU
		{51578D2B-A8E5-4219-BA21-997EE9EB542C}.Debug|Any CPU.Build.0 = Debug|Any CPU
		{51578D2B-A8E5-4219-BA21-997EE9EB542C}.Release|Any CPU.ActiveCfg = Release|Any CPU
		{51578D2B-A8E5-4219-BA21-997EE9EB542C}.Release|Any CPU.Build.0 = Release|Any CPU
	EndGlobalSection
	GlobalSection(SolutionProperties) = preSolution
		HideSolutionNode = FALSE
	EndGlobalSection
	GlobalSection(ExtensibilityGlobals) = postSolution
		SolutionGuid = {9449E568-488C-469D-B873-3ADCA3766720}
	EndGlobalSection
EndGlobal
