
Microsoft Visual Studio Solution File, Format Version 12.00
# Visual Studio 15
VisualStudioVersion = 15.0.27004.2009
MinimumVisualStudioVersion = 10.0.40219.1
Project("{FAE04EC0-301F-11D3-BF4B-00C04F79EFBC}") = "03-CountLines", "03-CountLines\03-CountLines.csproj", "{F50B91EE-0A57-418E-94F7-19CBB8DE5444}"
EndProject
Global
	GlobalSection(SolutionConfigurationPlatforms) = preSolution
		Debug|Any CPU = Debug|Any CPU
		Release|Any CPU = Release|Any CPU
	EndGlobalSection
	GlobalSection(ProjectConfigurationPlatforms) = postSolution
		{F50B91EE-0A57-418E-94F7-19CBB8DE5444}.Debug|Any CPU.ActiveCfg = Debug|Any CPU
		{F50B91EE-0A57-418E-94F7-19CBB8DE5444}.Debug|Any CPU.Build.0 = Debug|Any CPU
		{F50B91EE-0A57-418E-94F7-19CBB8DE5444}.Release|Any CPU.ActiveCfg = Release|Any CPU
		{F50B91EE-0A57-418E-94F7-19CBB8DE5444}.Release|Any CPU.Build.0 = Release|Any CPU
	EndGlobalSection
	GlobalSection(SolutionProperties) = preSolution
		HideSolutionNode = FALSE
	EndGlobalSection
	GlobalSection(ExtensibilityGlobals) = postSolution
		SolutionGuid = {48EAE0C9-783F-4665-B028-4E777EE073E1}
	EndGlobalSection
EndGlobal
