
Microsoft Visual Studio Solution File, Format Version 12.00
# Visual Studio 15
VisualStudioVersion = 15.0.27004.2009
MinimumVisualStudioVersion = 10.0.40219.1
Project("{FAE04EC0-301F-11D3-BF4B-00C04F79EFBC}") = "Sharpie", "Sharpie\Sharpie.csproj", "{92F9BBA5-94FC-4CC6-BDB9-49B945491C75}"
EndProject
Project("{FAE04EC0-301F-11D3-BF4B-00C04F79EFBC}") = "SharpieTest", "SharpieTest\SharpieTest.csproj", "{54230FAE-593C-482F-99FC-1D26BAE7264F}"
EndProject
Global
	GlobalSection(SolutionConfigurationPlatforms) = preSolution
		Debug|Any CPU = Debug|Any CPU
		Release|Any CPU = Release|Any CPU
	EndGlobalSection
	GlobalSection(ProjectConfigurationPlatforms) = postSolution
		{92F9BBA5-94FC-4CC6-BDB9-49B945491C75}.Debug|Any CPU.ActiveCfg = Debug|Any CPU
		{92F9BBA5-94FC-4CC6-BDB9-49B945491C75}.Debug|Any CPU.Build.0 = Debug|Any CPU
		{92F9BBA5-94FC-4CC6-BDB9-49B945491C75}.Release|Any CPU.ActiveCfg = Release|Any CPU
		{92F9BBA5-94FC-4CC6-BDB9-49B945491C75}.Release|Any CPU.Build.0 = Release|Any CPU
		{54230FAE-593C-482F-99FC-1D26BAE7264F}.Debug|Any CPU.ActiveCfg = Debug|Any CPU
		{54230FAE-593C-482F-99FC-1D26BAE7264F}.Debug|Any CPU.Build.0 = Debug|Any CPU
		{54230FAE-593C-482F-99FC-1D26BAE7264F}.Release|Any CPU.ActiveCfg = Release|Any CPU
		{54230FAE-593C-482F-99FC-1D26BAE7264F}.Release|Any CPU.Build.0 = Release|Any CPU
	EndGlobalSection
	GlobalSection(SolutionProperties) = preSolution
		HideSolutionNode = FALSE
	EndGlobalSection
	GlobalSection(ExtensibilityGlobals) = postSolution
		SolutionGuid = {F2F9A18E-C9AE-4733-B9FF-F3C0C992483F}
	EndGlobalSection
EndGlobal
