
Microsoft Visual Studio Solution File, Format Version 12.00
# Visual Studio 15
VisualStudioVersion = 15.0.27004.2009
MinimumVisualStudioVersion = 10.0.40219.1
Project("{FAE04EC0-301F-11D3-BF4B-00C04F79EFBC}") = "d2 9. Sum elements", "d2 9. Sum elements\d2 9. Sum elements.csproj", "{C08FA8D6-89CB-46DD-B33E-9A38B43F0F93}"
EndProject
Global
	GlobalSection(SolutionConfigurationPlatforms) = preSolution
		Debug|Any CPU = Debug|Any CPU
		Release|Any CPU = Release|Any CPU
	EndGlobalSection
	GlobalSection(ProjectConfigurationPlatforms) = postSolution
		{C08FA8D6-89CB-46DD-B33E-9A38B43F0F93}.Debug|Any CPU.ActiveCfg = Debug|Any CPU
		{C08FA8D6-89CB-46DD-B33E-9A38B43F0F93}.Debug|Any CPU.Build.0 = Debug|Any CPU
		{C08FA8D6-89CB-46DD-B33E-9A38B43F0F93}.Release|Any CPU.ActiveCfg = Release|Any CPU
		{C08FA8D6-89CB-46DD-B33E-9A38B43F0F93}.Release|Any CPU.Build.0 = Release|Any CPU
	EndGlobalSection
	GlobalSection(SolutionProperties) = preSolution
		HideSolutionNode = FALSE
	EndGlobalSection
	GlobalSection(ExtensibilityGlobals) = postSolution
		SolutionGuid = {3A3F54F7-B0F9-4B8C-9056-0B3197102DDD}
	EndGlobalSection
EndGlobal
