
Microsoft Visual Studio Solution File, Format Version 12.00
# Visual Studio 15
VisualStudioVersion = 15.0.27004.2009
MinimumVisualStudioVersion = 10.0.40219.1
Project("{FAE04EC0-301F-11D3-BF4B-00C04F79EFBC}") = "d3-01-Strings", "d3-01-Strings\d3-01-Strings.csproj", "{015D0BA2-C0B0-4524-BBAA-BB121CCBE6A8}"
EndProject
Global
	GlobalSection(SolutionConfigurationPlatforms) = preSolution
		Debug|Any CPU = Debug|Any CPU
		Release|Any CPU = Release|Any CPU
	EndGlobalSection
	GlobalSection(ProjectConfigurationPlatforms) = postSolution
		{015D0BA2-C0B0-4524-BBAA-BB121CCBE6A8}.Debug|Any CPU.ActiveCfg = Debug|Any CPU
		{015D0BA2-C0B0-4524-BBAA-BB121CCBE6A8}.Debug|Any CPU.Build.0 = Debug|Any CPU
		{015D0BA2-C0B0-4524-BBAA-BB121CCBE6A8}.Release|Any CPU.ActiveCfg = Release|Any CPU
		{015D0BA2-C0B0-4524-BBAA-BB121CCBE6A8}.Release|Any CPU.Build.0 = Release|Any CPU
	EndGlobalSection
	GlobalSection(SolutionProperties) = preSolution
		HideSolutionNode = FALSE
	EndGlobalSection
	GlobalSection(ExtensibilityGlobals) = postSolution
		SolutionGuid = {FD9DEF42-CE66-4E67-8D61-52D330538590}
	EndGlobalSection
EndGlobal
