
Microsoft Visual Studio Solution File, Format Version 12.00
# Visual Studio 15
VisualStudioVersion = 15.0.27004.2009
MinimumVisualStudioVersion = 10.0.40219.1
Project("{FAE04EC0-301F-11D3-BF4B-00C04F79EFBC}") = "d4-04.Power", "d4-04.Power\d4-04.Power.csproj", "{6F46B305-C96F-4A76-B83E-96303C858C91}"
EndProject
Global
	GlobalSection(SolutionConfigurationPlatforms) = preSolution
		Debug|Any CPU = Debug|Any CPU
		Release|Any CPU = Release|Any CPU
	EndGlobalSection
	GlobalSection(ProjectConfigurationPlatforms) = postSolution
		{6F46B305-C96F-4A76-B83E-96303C858C91}.Debug|Any CPU.ActiveCfg = Debug|Any CPU
		{6F46B305-C96F-4A76-B83E-96303C858C91}.Debug|Any CPU.Build.0 = Debug|Any CPU
		{6F46B305-C96F-4A76-B83E-96303C858C91}.Release|Any CPU.ActiveCfg = Release|Any CPU
		{6F46B305-C96F-4A76-B83E-96303C858C91}.Release|Any CPU.Build.0 = Release|Any CPU
	EndGlobalSection
	GlobalSection(SolutionProperties) = preSolution
		HideSolutionNode = FALSE
	EndGlobalSection
	GlobalSection(ExtensibilityGlobals) = postSolution
		SolutionGuid = {2ABCA56A-AF1E-4748-8CD3-F673CA8D1037}
	EndGlobalSection
EndGlobal
