
Microsoft Visual Studio Solution File, Format Version 12.00
# Visual Studio 15
VisualStudioVersion = 15.0.27004.2009
MinimumVisualStudioVersion = 10.0.40219.1
Project("{FAE04EC0-301F-11D3-BF4B-00C04F79EFBC}") = "d3-01.Lists", "d3-01.Lists\d3-01.Lists.csproj", "{12913696-D7F5-4D6C-B073-E012E41EC32D}"
EndProject
Global
	GlobalSection(SolutionConfigurationPlatforms) = preSolution
		Debug|Any CPU = Debug|Any CPU
		Release|Any CPU = Release|Any CPU
	EndGlobalSection
	GlobalSection(ProjectConfigurationPlatforms) = postSolution
		{12913696-D7F5-4D6C-B073-E012E41EC32D}.Debug|Any CPU.ActiveCfg = Debug|Any CPU
		{12913696-D7F5-4D6C-B073-E012E41EC32D}.Debug|Any CPU.Build.0 = Debug|Any CPU
		{12913696-D7F5-4D6C-B073-E012E41EC32D}.Release|Any CPU.ActiveCfg = Release|Any CPU
		{12913696-D7F5-4D6C-B073-E012E41EC32D}.Release|Any CPU.Build.0 = Release|Any CPU
	EndGlobalSection
	GlobalSection(SolutionProperties) = preSolution
		HideSolutionNode = FALSE
	EndGlobalSection
	GlobalSection(ExtensibilityGlobals) = postSolution
		SolutionGuid = {83857840-6CEB-46E5-9CE2-289CEC13DD47}
	EndGlobalSection
EndGlobal
