
Microsoft Visual Studio Solution File, Format Version 12.00
# Visual Studio 15
VisualStudioVersion = 15.0.27004.2009
MinimumVisualStudioVersion = 10.0.40219.1
Project("{FAE04EC0-301F-11D3-BF4B-00C04F79EFBC}") = "d3-02.Strings", "d3-02.Strings\d3-02.Strings.csproj", "{8F91E527-B77B-40F6-91B2-853E8D7A08FE}"
EndProject
Global
	GlobalSection(SolutionConfigurationPlatforms) = preSolution
		Debug|Any CPU = Debug|Any CPU
		Release|Any CPU = Release|Any CPU
	EndGlobalSection
	GlobalSection(ProjectConfigurationPlatforms) = postSolution
		{8F91E527-B77B-40F6-91B2-853E8D7A08FE}.Debug|Any CPU.ActiveCfg = Debug|Any CPU
		{8F91E527-B77B-40F6-91B2-853E8D7A08FE}.Debug|Any CPU.Build.0 = Debug|Any CPU
		{8F91E527-B77B-40F6-91B2-853E8D7A08FE}.Release|Any CPU.ActiveCfg = Release|Any CPU
		{8F91E527-B77B-40F6-91B2-853E8D7A08FE}.Release|Any CPU.Build.0 = Release|Any CPU
	EndGlobalSection
	GlobalSection(SolutionProperties) = preSolution
		HideSolutionNode = FALSE
	EndGlobalSection
	GlobalSection(ExtensibilityGlobals) = postSolution
		SolutionGuid = {19F64E1A-A3DB-40E4-8705-A952FB999DA0}
	EndGlobalSection
EndGlobal
