
Microsoft Visual Studio Solution File, Format Version 12.00
# Visual Studio 15
VisualStudioVersion = 15.0.27004.2009
MinimumVisualStudioVersion = 10.0.40219.1
Project("{FAE04EC0-301F-11D3-BF4B-00C04F79EFBC}") = "exercise3", "exercise3\exercise3.csproj", "{A85A9422-D9B3-4945-A454-27E45E3D4D32}"
EndProject
Global
	GlobalSection(SolutionConfigurationPlatforms) = preSolution
		Debug|Any CPU = Debug|Any CPU
		Release|Any CPU = Release|Any CPU
	EndGlobalSection
	GlobalSection(ProjectConfigurationPlatforms) = postSolution
		{A85A9422-D9B3-4945-A454-27E45E3D4D32}.Debug|Any CPU.ActiveCfg = Debug|Any CPU
		{A85A9422-D9B3-4945-A454-27E45E3D4D32}.Debug|Any CPU.Build.0 = Debug|Any CPU
		{A85A9422-D9B3-4945-A454-27E45E3D4D32}.Release|Any CPU.ActiveCfg = Release|Any CPU
		{A85A9422-D9B3-4945-A454-27E45E3D4D32}.Release|Any CPU.Build.0 = Release|Any CPU
	EndGlobalSection
	GlobalSection(SolutionProperties) = preSolution
		HideSolutionNode = FALSE
	EndGlobalSection
	GlobalSection(ExtensibilityGlobals) = postSolution
		SolutionGuid = {A023A8D7-4B8A-4CFF-887C-D67F9E419792}
	EndGlobalSection
EndGlobal
