
Microsoft Visual Studio Solution File, Format Version 12.00
# Visual Studio 15
VisualStudioVersion = 15.0.27004.2009
MinimumVisualStudioVersion = 10.0.40219.1
Project("{FAE04EC0-301F-11D3-BF4B-00C04F79EFBC}") = "20-Triangles", "20-Triangles\20-Triangles.csproj", "{EFBEE3D4-A7C5-4DD8-BA59-B86AF4780C28}"
EndProject
Global
	GlobalSection(SolutionConfigurationPlatforms) = preSolution
		Debug|Any CPU = Debug|Any CPU
		Release|Any CPU = Release|Any CPU
	EndGlobalSection
	GlobalSection(ProjectConfigurationPlatforms) = postSolution
		{EFBEE3D4-A7C5-4DD8-BA59-B86AF4780C28}.Debug|Any CPU.ActiveCfg = Debug|Any CPU
		{EFBEE3D4-A7C5-4DD8-BA59-B86AF4780C28}.Debug|Any CPU.Build.0 = Debug|Any CPU
		{EFBEE3D4-A7C5-4DD8-BA59-B86AF4780C28}.Release|Any CPU.ActiveCfg = Release|Any CPU
		{EFBEE3D4-A7C5-4DD8-BA59-B86AF4780C28}.Release|Any CPU.Build.0 = Release|Any CPU
	EndGlobalSection
	GlobalSection(SolutionProperties) = preSolution
		HideSolutionNode = FALSE
	EndGlobalSection
	GlobalSection(ExtensibilityGlobals) = postSolution
		SolutionGuid = {BC264773-C5D2-4832-A35E-BE42D2DB26DB}
	EndGlobalSection
EndGlobal
